
Microsoft Visual Studio Solution File, Format Version 12.00
Project("{FAE04EC0-301F-11D3-BF4B-00C04F79EFBC}") = "Interject", "Interject\Interject.csproj", "{50199953-DA69-411B-A5B0-F950EF174FDC}"
EndProject
Project("{FAE04EC0-301F-11D3-BF4B-00C04F79EFBC}") = "Interject.Contracts", "Interject.Contracts\Interject.Contracts.csproj", "{06200AB2-A1E7-4FA7-B14D-44D28F41C0A5}"
EndProject
Global
	GlobalSection(SolutionConfigurationPlatforms) = preSolution
		Debug|Any CPU = Debug|Any CPU
		Release|Any CPU = Release|Any CPU
	EndGlobalSection
	GlobalSection(ProjectConfigurationPlatforms) = postSolution
		{50199953-DA69-411B-A5B0-F950EF174FDC}.Debug|Any CPU.ActiveCfg = Debug|Any CPU
		{50199953-DA69-411B-A5B0-F950EF174FDC}.Debug|Any CPU.Build.0 = Debug|Any CPU
		{50199953-DA69-411B-A5B0-F950EF174FDC}.Release|Any CPU.ActiveCfg = Release|Any CPU
		{50199953-DA69-411B-A5B0-F950EF174FDC}.Release|Any CPU.Build.0 = Release|Any CPU
		{06200AB2-A1E7-4FA7-B14D-44D28F41C0A5}.Debug|Any CPU.ActiveCfg = Debug|Any CPU
		{06200AB2-A1E7-4FA7-B14D-44D28F41C0A5}.Debug|Any CPU.Build.0 = Debug|Any CPU
		{06200AB2-A1E7-4FA7-B14D-44D28F41C0A5}.Release|Any CPU.ActiveCfg = Release|Any CPU
		{06200AB2-A1E7-4FA7-B14D-44D28F41C0A5}.Release|Any CPU.Build.0 = Release|Any CPU
	EndGlobalSection
EndGlobal
